
Microsoft Visual Studio Solution File, Format Version 12.00
# Visual Studio Version 17
VisualStudioVersion = 17.9.34622.214
MinimumVisualStudioVersion = 10.0.40219.1
Project("{FAE04EC0-301F-11D3-BF4B-00C04F79EFBC}") = "CSharpFullCourse", "CSharpFullCourse\CSharpFullCourse.csproj", "{84DFE1FA-F43B-4B2E-98CC-D70CF6099B03}"
EndProject
Project("{FAE04EC0-301F-11D3-BF4B-00C04F79EFBC}") = "DAY2-SyntaxEssentials", "DAY2-SyntaxEssentials\DAY2-SyntaxEssentials.csproj", "{452A3017-454C-460A-A897-4C03B30CA1FC}"
EndProject
Global
	GlobalSection(SolutionConfigurationPlatforms) = preSolution
		Debug|Any CPU = Debug|Any CPU
		Release|Any CPU = Release|Any CPU
	EndGlobalSection
	GlobalSection(ProjectConfigurationPlatforms) = postSolution
		{84DFE1FA-F43B-4B2E-98CC-D70CF6099B03}.Debug|Any CPU.ActiveCfg = Debug|Any CPU
		{84DFE1FA-F43B-4B2E-98CC-D70CF6099B03}.Debug|Any CPU.Build.0 = Debug|Any CPU
		{84DFE1FA-F43B-4B2E-98CC-D70CF6099B03}.Release|Any CPU.ActiveCfg = Release|Any CPU
		{84DFE1FA-F43B-4B2E-98CC-D70CF6099B03}.Release|Any CPU.Build.0 = Release|Any CPU
		{452A3017-454C-460A-A897-4C03B30CA1FC}.Debug|Any CPU.ActiveCfg = Debug|Any CPU
		{452A3017-454C-460A-A897-4C03B30CA1FC}.Debug|Any CPU.Build.0 = Debug|Any CPU
		{452A3017-454C-460A-A897-4C03B30CA1FC}.Release|Any CPU.ActiveCfg = Release|Any CPU
		{452A3017-454C-460A-A897-4C03B30CA1FC}.Release|Any CPU.Build.0 = Release|Any CPU
	EndGlobalSection
	GlobalSection(SolutionProperties) = preSolution
		HideSolutionNode = FALSE
	EndGlobalSection
	GlobalSection(ExtensibilityGlobals) = postSolution
		SolutionGuid = {75F67190-BD94-46CD-8DB9-8F92A0B60CF6}
	EndGlobalSection
EndGlobal
